
Microsoft Visual Studio Solution File, Format Version 12.00
# Visual Studio Version 16
VisualStudioVersion = 16.0.30621.155
MinimumVisualStudioVersion = 10.0.40219.1
Project("{FAE04EC0-301F-11D3-BF4B-00C04F79EFBC}") = "vb2018_0413", "vb2018_0413\vb2018_0413.csproj", "{56B8B8DB-333E-4E0D-86EB-8F06E5D3F425}"
EndProject
Global
	GlobalSection(SolutionConfigurationPlatforms) = preSolution
		Debug|Any CPU = Debug|Any CPU
		Release|Any CPU = Release|Any CPU
	EndGlobalSection
	GlobalSection(ProjectConfigurationPlatforms) = postSolution
		{56B8B8DB-333E-4E0D-86EB-8F06E5D3F425}.Debug|Any CPU.ActiveCfg = Debug|Any CPU
		{56B8B8DB-333E-4E0D-86EB-8F06E5D3F425}.Debug|Any CPU.Build.0 = Debug|Any CPU
		{56B8B8DB-333E-4E0D-86EB-8F06E5D3F425}.Release|Any CPU.ActiveCfg = Release|Any CPU
		{56B8B8DB-333E-4E0D-86EB-8F06E5D3F425}.Release|Any CPU.Build.0 = Release|Any CPU
	EndGlobalSection
	GlobalSection(SolutionProperties) = preSolution
		HideSolutionNode = FALSE
	EndGlobalSection
	GlobalSection(ExtensibilityGlobals) = postSolution
		SolutionGuid = {DC84781E-C66A-4637-9560-C0B400AAEC4A}
	EndGlobalSection
EndGlobal
